# THIS IS AN AUTOGENERATED FILE. DO NOT EDIT THIS FILE DIRECTLY.
# yarn lockfile v1


"@bergos/jsonparse@^1.4.0":
  version "1.4.1"
  resolved "https://registry.yarnpkg.com/@bergos/jsonparse/-/jsonparse-1.4.1.tgz#560e7125f65d0ad6b96dfe1c0d5da3115b9f8c59"
  integrity sha512-vXIT0nzZGX/+yMD5bx2VhTzc92H55tPoehh1BW/FZHOndWGFddrH3MAfdx39FRc7irABirW6EQaGxIJYV6CGuA==
  dependencies:
    buffer "^6.0.3"

"@comunica/actor-abstract-mediatyped@^2.10.0":
  version "2.10.0"
  resolved "https://registry.yarnpkg.com/@comunica/actor-abstract-mediatyped/-/actor-abstract-mediatyped-2.10.0.tgz#fa410f30735c8f0ac6cde6d861fd9b7fd3d1f666"
  integrity sha512-0o6WBujsMnIVcwvRJv6Nj+kKPLZzqBS3On48rm01Rh9T1/My0E/buJMXwgcARKCfMonc2mJ9zxpPCh5ilGEU2A==
  dependencies:
    "@comunica/core" "^2.10.0"
    "@comunica/types" "^2.10.0"

"@comunica/actor-abstract-parse@^2.10.0":
  version "2.10.0"
  resolved "https://registry.yarnpkg.com/@comunica/actor-abstract-parse/-/actor-abstract-parse-2.10.0.tgz#438c570f9c40e80eab86de95d456ff4e257e4f98"
  integrity sha512-0puCWF+y24EDOOAUUVVbC+tOf4UV+LzEbqi8T5v25jcVGCXyTqfra+bDywfrcv3adrVp18jLCJ46ycaH5xhy9Q==
  dependencies:
    "@comunica/core" "^2.10.0"
    readable-stream "^4.4.2"

"@comunica/actor-dereference-fallback@^2.0.2":
  version "2.10.0"
  resolved "https://registry.yarnpkg.com/@comunica/actor-dereference-fallback/-/actor-dereference-fallback-2.10.0.tgz#9095faf4f667f9f4b8e6e42f2689aa82be497240"
  integrity sha512-RSc/ScPdC7l13aZjz/6r4niWA8WDETbzuESQKKSWXi/HAlFOyOxdrDADdayVY2oyeZHIQibeNRtSi2ItzU7OPQ==
  dependencies:
    "@comunica/bus-dereference" "^2.10.0"
    "@comunica/core" "^2.10.0"

"@comunica/actor-dereference-file@^2.0.2":
  version "2.10.0"
  resolved "https://registry.yarnpkg.com/@comunica/actor-dereference-file/-/actor-dereference-file-2.10.0.tgz#16069736430a19f90fa6662e6a2c9d732a17735e"
  integrity sha512-WXfAyHm0M3+YbYEtLtasT6YHsrzTAevmH27ex8r51qKNj2LK74llpw4mSeea3xyjQR30jVnKBIJSxuSbN64Now==
  dependencies:
    "@comunica/bus-dereference" "^2.10.0"
    "@comunica/core" "^2.10.0"

"@comunica/actor-dereference-http@^2.0.2":
  version "2.10.0"
  resolved "https://registry.yarnpkg.com/@comunica/actor-dereference-http/-/actor-dereference-http-2.10.0.tgz#7f7b4b500d899387c200f466a09fb9400a2c52ad"
  integrity sha512-q+sJDjiyO/pwY9OwfzK6lS/gROhaqwFgWQNEjz1IuXLalqcFOjIiYqBuzhKLbtcFmXM+cnqWS2ZBtSFD4JLDhg==
  dependencies:
    "@comunica/bus-dereference" "^2.10.0"
    "@comunica/bus-http" "^2.10.0"
    "@comunica/core" "^2.10.0"
    cross-fetch "^4.0.0"
    relative-to-absolute-iri "^1.0.7"
    stream-to-string "^1.2.0"

"@comunica/actor-dereference-rdf-parse@^2.6.0":
  version "2.10.0"
  resolved "https://registry.yarnpkg.com/@comunica/actor-dereference-rdf-parse/-/actor-dereference-rdf-parse-2.10.0.tgz#5f7f44c906dc73a22fd593248fcded309a4a044c"
  integrity sha512-ANWL6Bv+2WHUjVRS7hfkOfVBNJs8xYZ9KHlgBOQ94CKtQZB9uSMjdb1hLp/cQjiDmFIWLn0+GM5Xi0KFwBkVAw==
  dependencies:
    "@comunica/bus-dereference" "^2.10.0"
    "@comunica/bus-dereference-rdf" "^2.10.0"
    "@comunica/bus-rdf-parse" "^2.10.0"

"@comunica/actor-http-fetch@^2.0.1":
  version "2.10.1"
  resolved "https://registry.yarnpkg.com/@comunica/actor-http-fetch/-/actor-http-fetch-2.10.1.tgz#61a583ab32bdf9bc9735736f09dbe9deefd01f99"
  integrity sha512-d0Eo/ZVu4mr5zpIonT9pf9JUpohxImJZAeZUleVdGYgvzB7AD6CFrtW+0fVeP2/9WDYAHubokSn4gzj0UojvyA==
  dependencies:
    "@comunica/bus-http" "^2.10.0"
    "@comunica/context-entries" "^2.10.0"
    "@comunica/mediatortype-time" "^2.10.0"
    abort-controller "^3.0.0"
    cross-fetch "^4.0.0"

"@comunica/actor-http-proxy@^2.0.1":
  version "2.10.0"
  resolved "https://registry.yarnpkg.com/@comunica/actor-http-proxy/-/actor-http-proxy-2.10.0.tgz#b4ca3fe3a6d4326eb1f7c38766e935bb246540b8"
  integrity sha512-WpwjGRZcIPcnR8OVumrlmLPfYR5livQsUbOPqmYFDxjI+xDfuOYvCPc/uLyYyBpMH10dejmaRWeCUsIguZz5ZQ==
  dependencies:
    "@comunica/bus-http" "^2.10.0"
    "@comunica/context-entries" "^2.10.0"
    "@comunica/mediatortype-time" "^2.10.0"
    "@comunica/types" "^2.10.0"

"@comunica/actor-rdf-parse-html-microdata@^2.0.1":
  version "2.10.0"
  resolved "https://registry.yarnpkg.com/@comunica/actor-rdf-parse-html-microdata/-/actor-rdf-parse-html-microdata-2.10.0.tgz#dd84930382d4877394eb16ddd9e39d28ea129787"
  integrity sha512-JLfiDauq4SmpI6TDS4HaHzI6iJe1j8lSk5FRRYK6YVEu8eO28jPmxQJiOiwbQiYqsjsV7kON/WIZSoUELoI4Ig==
  dependencies:
    "@comunica/bus-rdf-parse-html" "^2.10.0"
    "@comunica/core" "^2.10.0"
    microdata-rdf-streaming-parser "^2.0.1"

"@comunica/actor-rdf-parse-html-rdfa@^2.0.1":
  version "2.10.0"
  resolved "https://registry.yarnpkg.com/@comunica/actor-rdf-parse-html-rdfa/-/actor-rdf-parse-html-rdfa-2.10.0.tgz#21ee3aec806a085db93e8f216647dfc0fede480e"
  integrity sha512-9K3iaws9+FGl50oZi53hqyzhwjNKZ3mIr2zg/TAJZoapKvc14cthH17zKSSJrqI/NgBStRmZhBBkXcwfu1CANw==
  dependencies:
    "@comunica/bus-rdf-parse-html" "^2.10.0"
    "@comunica/core" "^2.10.0"
    rdfa-streaming-parser "^2.0.1"

"@comunica/actor-rdf-parse-html-script@^2.0.1":
  version "2.10.0"
  resolved "https://registry.yarnpkg.com/@comunica/actor-rdf-parse-html-script/-/actor-rdf-parse-html-script-2.10.0.tgz#6d5ca058c24a0a909f72c8e3b5f80bab82524e85"
  integrity sha512-7XYqWchDquWnBLjG7rmmY+tdE81UZ8fPCU0Hn+vI39/MikNOpaiyr/ZYFqhogWFa9SkjmH0a7idVUzmjiwKRZQ==
  dependencies:
    "@comunica/bus-rdf-parse" "^2.10.0"
    "@comunica/bus-rdf-parse-html" "^2.10.0"
    "@comunica/context-entries" "^2.10.0"
    "@comunica/core" "^2.10.0"
    "@comunica/types" "^2.10.0"
    "@rdfjs/types" "*"
    readable-stream "^4.4.2"
    relative-to-absolute-iri "^1.0.7"

"@comunica/actor-rdf-parse-html@^2.0.1":
  version "2.10.0"
  resolved "https://registry.yarnpkg.com/@comunica/actor-rdf-parse-html/-/actor-rdf-parse-html-2.10.0.tgz#411d9e068524fe8b135159e299c8c8300b0a5419"
  integrity sha512-zgImXKpc+BN1i6lQiN1Qhlb1HbKdMIeJMOys6qbzRIijdK8GkGGChwhQp7Cso3lY1Nf4K7M3jPLZeQXeED2w7g==
  dependencies:
    "@comunica/bus-rdf-parse" "^2.10.0"
    "@comunica/bus-rdf-parse-html" "^2.10.0"
    "@comunica/core" "^2.10.0"
    "@comunica/types" "^2.10.0"
    "@rdfjs/types" "*"
    htmlparser2 "^9.0.0"
    readable-stream "^4.4.2"

"@comunica/actor-rdf-parse-jsonld@^2.0.1":
  version "2.10.0"
  resolved "https://registry.yarnpkg.com/@comunica/actor-rdf-parse-jsonld/-/actor-rdf-parse-jsonld-2.10.0.tgz#078c41d6d0b420d7ca93d61908a1e876fea88894"
  integrity sha512-A6TczotUsFyceQf2Nqp4+99c28ZnfkCqUrm7IXPhYUSA6p+KyMew52dr1nC0H7AJ6hRozqY3ZeOrvTjHOWytNg==
  dependencies:
    "@comunica/bus-http" "^2.10.0"
    "@comunica/bus-rdf-parse" "^2.10.0"
    "@comunica/context-entries" "^2.10.0"
    "@comunica/core" "^2.10.0"
    "@comunica/types" "^2.10.0"
    jsonld-context-parser "^2.2.2"
    jsonld-streaming-parser "^3.0.1"
    stream-to-string "^1.2.0"

"@comunica/actor-rdf-parse-n3@^2.0.1":
  version "2.10.0"
  resolved "https://registry.yarnpkg.com/@comunica/actor-rdf-parse-n3/-/actor-rdf-parse-n3-2.10.0.tgz#94b28690d4a06f8944dc62930adc3346d2d61f0c"
  integrity sha512-o1MAbwJxW4Br2WCZdhFoRmAiOP4mfogeQqJ4nqlsOkoMtQ45EvLHsotb3Kqhuk5V+vsTxyK5v/a4zylGtcU7VQ==
  dependencies:
    "@comunica/bus-rdf-parse" "^2.10.0"
    "@comunica/types" "^2.10.0"
    n3 "^1.17.0"

"@comunica/actor-rdf-parse-rdfxml@^2.0.1":
  version "2.10.0"
  resolved "https://registry.yarnpkg.com/@comunica/actor-rdf-parse-rdfxml/-/actor-rdf-parse-rdfxml-2.10.0.tgz#8e8de2765428e8ea3f3c84bcf5f60f8e444c187e"
  integrity sha512-HoJN52shXY3cvYtsS0cpin9KXpW3L7g1leebyCRSqnlnHdJv5D6G0Ep8vyt2xhquKNbOQ7LnP5VhiDiqz73XDg==
  dependencies:
    "@comunica/bus-rdf-parse" "^2.10.0"
    "@comunica/types" "^2.10.0"
    rdfxml-streaming-parser "^2.2.3"

"@comunica/actor-rdf-parse-shaclc@^2.6.0":
  version "2.10.0"
  resolved "https://registry.yarnpkg.com/@comunica/actor-rdf-parse-shaclc/-/actor-rdf-parse-shaclc-2.10.0.tgz#90ca0c4c426df8134934983e590c72e00da0a080"
  integrity sha512-i6tmuZuS+RtDiSXpQc3s/PxtCqwIguo4ANmVB20PK4VWgQgBwoPG7LlNcJ0xmuH/3Bv6C2Agn18PLF6dZX+fKw==
  dependencies:
    "@comunica/bus-rdf-parse" "^2.10.0"
    "@comunica/types" "^2.10.0"
    "@rdfjs/types" "*"
    asynciterator "^3.8.1"
    readable-stream "^4.4.2"
    shaclc-parse "^1.4.0"
    stream-to-string "^1.2.0"

"@comunica/actor-rdf-parse-xml-rdfa@^2.0.1":
  version "2.10.0"
  resolved "https://registry.yarnpkg.com/@comunica/actor-rdf-parse-xml-rdfa/-/actor-rdf-parse-xml-rdfa-2.10.0.tgz#e3d1c2d2bf823da6f8a195fa69d22c964e371c48"
  integrity sha512-68r/6B/fEyA1/OYleVuaPq47J+g4xJcJijpdL1wEj7CqjV+Xa+sDWRpNCyLcD/e1Y/g9UQmLz0ZnSpR00PFddA==
  dependencies:
    "@comunica/bus-rdf-parse" "^2.10.0"
    "@comunica/types" "^2.10.0"
    rdfa-streaming-parser "^2.0.1"

"@comunica/bus-dereference-rdf@^2.0.2", "@comunica/bus-dereference-rdf@^2.10.0":
  version "2.10.0"
  resolved "https://registry.yarnpkg.com/@comunica/bus-dereference-rdf/-/bus-dereference-rdf-2.10.0.tgz#ae6a64c0fe754499a31c2a8e762d287ce1c7ca0a"
  integrity sha512-WY/wPmFpO76wwJ2D5Aus43ZbYnBRLvQ0EOp4yywO0lBiq6F0JisjCVCM4EtWouOEAAfqEoIjHXGyC3gPWqm+SQ==
  dependencies:
    "@comunica/bus-dereference" "^2.10.0"
    "@comunica/bus-rdf-parse" "^2.10.0"
    "@comunica/core" "^2.10.0"
    "@rdfjs/types" "*"

"@comunica/bus-dereference@^2.0.2", "@comunica/bus-dereference@^2.10.0":
  version "2.10.0"
  resolved "https://registry.yarnpkg.com/@comunica/bus-dereference/-/bus-dereference-2.10.0.tgz#07fb5d023139820cad6431f488430c680b834b85"
  integrity sha512-nWyQXiH7zbiPTVttWVKJHykhV4IuahfhfUwPx3Op+cVsK489Su84dnGeSmPkxTAFFuxe6wU6ZEH4i7PDu48YvQ==
  dependencies:
    "@comunica/actor-abstract-mediatyped" "^2.10.0"
    "@comunica/actor-abstract-parse" "^2.10.0"
    "@comunica/context-entries" "^2.10.0"
    "@comunica/core" "^2.10.0"
    "@comunica/types" "^2.10.0"
    readable-stream "^4.4.2"

"@comunica/bus-http@^2.0.1", "@comunica/bus-http@^2.10.0":
  version "2.10.0"
  resolved "https://registry.yarnpkg.com/@comunica/bus-http/-/bus-http-2.10.0.tgz#4dce53523ebbb3bf503be045ccd5580242e742fc"
  integrity sha512-wITLxYFvAuFsml4txgxYfxzgroVtWCi+Ja3TTN1l+MpeN1CyDfcA3oL30W8jLMJStjxt1SUmtuOoUjM1lzsbFA==
  dependencies:
    "@comunica/core" "^2.10.0"
    is-stream "^2.0.1"
    readable-stream-node-to-web "^1.0.1"
    readable-web-to-node-stream "^3.0.2"
    web-streams-ponyfill "^1.4.2"

"@comunica/bus-init@^2.0.1":
  version "2.10.0"
  resolved "https://registry.yarnpkg.com/@comunica/bus-init/-/bus-init-2.10.0.tgz#9ce88843482cc48e0fb35b6ca40e8f74795d55a5"
  integrity sha512-hJejHa8sLVhQLFlduCVnhOd5aW3FCEz8wmWjyeLI3kiHFaQibnGVMhUuuNRX5f8bnnPuTdEiHc1nnYHuSi+j8A==
  dependencies:
    "@comunica/core" "^2.10.0"
    readable-stream "^4.4.2"

"@comunica/bus-rdf-parse-html@^2.0.1", "@comunica/bus-rdf-parse-html@^2.10.0":
  version "2.10.0"
  resolved "https://registry.yarnpkg.com/@comunica/bus-rdf-parse-html/-/bus-rdf-parse-html-2.10.0.tgz#6ef479009b9c25cc1fe557348d0dd1883287e301"
  integrity sha512-RZliz4TtKP63QggoohGuIkGb6lq0BoYJ4aztKtGldWtPAVP/pdEvlDpiZWLB/j19g7S2aDLNY/lJtZ5efM1tHQ==
  dependencies:
    "@comunica/core" "^2.10.0"
    "@rdfjs/types" "*"

"@comunica/bus-rdf-parse@^2.0.1", "@comunica/bus-rdf-parse@^2.10.0":
  version "2.10.0"
  resolved "https://registry.yarnpkg.com/@comunica/bus-rdf-parse/-/bus-rdf-parse-2.10.0.tgz#3f1ad4f26a1451d8da4f64ad8f85e43a8962a98f"
  integrity sha512-EgCMZACfTG/+mayQpExWt0HoBT32BBVC1aS1lC43fXKBTxJ8kYrSrorVUuMACoh4dQVGTb+7j1j4K0hGNVzXGA==
  dependencies:
    "@comunica/actor-abstract-mediatyped" "^2.10.0"
    "@comunica/actor-abstract-parse" "^2.10.0"
    "@comunica/core" "^2.10.0"
    "@rdfjs/types" "*"

"@comunica/config-query-sparql@^2.0.1":
  version "2.7.0"
  resolved "https://registry.yarnpkg.com/@comunica/config-query-sparql/-/config-query-sparql-2.7.0.tgz#1030ee76d5532bc6a09a6c8af26a06c7311a5861"
  integrity sha512-rMnFgT7cz9+0z7wV4OzIMY5qM9/Z0mTGrR8y2JokoHyyTcBGOSajFmy61XCSLMCsLLG8qDXsJ4ClCCky3TGfqA==

"@comunica/context-entries@^2.10.0", "@comunica/context-entries@^2.8.1":
  version "2.10.0"
  resolved "https://registry.yarnpkg.com/@comunica/context-entries/-/context-entries-2.10.0.tgz#6920bad7b55ffcf99ed00472fadab659147bd3ea"
  integrity sha512-lmCYCcXxW8C6ecFH2whZCt31NT1ejb0P/sbytK7f4ctyA06Q8iYFEcYE4eWOXMdpfkwkcnz31x9XL77OGeSC2Q==
  dependencies:
    "@comunica/core" "^2.10.0"
    "@comunica/types" "^2.10.0"
    "@rdfjs/types" "*"
    jsonld-context-parser "^2.2.2"
    sparqlalgebrajs "^4.2.0"

"@comunica/core@^2.0.1", "@comunica/core@^2.10.0":
  version "2.10.0"
  resolved "https://registry.yarnpkg.com/@comunica/core/-/core-2.10.0.tgz#198c176443d03d6b374ee2b11fdd862b4b7c2b63"
  integrity sha512-onsGs2iKHUPRxxMOdx42vdxslk8q9FQZdRjQtHJ6SGiCpJwIL9ciBgPIOl2RL2YfzXHemr/0umeNOppRDcWhJA==
  dependencies:
    "@comunica/types" "^2.10.0"
    immutable "^4.1.0"

"@comunica/mediator-combine-pipeline@^2.0.1":
  version "2.10.0"
  resolved "https://registry.yarnpkg.com/@comunica/mediator-combine-pipeline/-/mediator-combine-pipeline-2.10.0.tgz#c977eb97a15103976ecaa7173758b837a0bf3f2e"
  integrity sha512-j7+/oUlbhKB4Rq6g9oNKU+e9cQL8U9z8tAUNhoXUSHajcr4huj0t1+riaOD109/DRWhV793ILhBDzgiZbHd7DA==
  dependencies:
    "@comunica/core" "^2.10.0"
    "@comunica/types" "^2.10.0"

"@comunica/mediator-combine-union@^2.0.1":
  version "2.10.0"
  resolved "https://registry.yarnpkg.com/@comunica/mediator-combine-union/-/mediator-combine-union-2.10.0.tgz#722d5b81174b167e1c3b4d365d14c2343ded3bf1"
  integrity sha512-QbP4zP1i6nMDZ8teC0RoTz5E8pOpxDhWPBr1ylb2jzPUjPpMgrnbHYTondlN0Oau3SMEehItojg/LYDtPOP/GQ==
  dependencies:
    "@comunica/core" "^2.10.0"

"@comunica/mediator-number@^2.0.1":
  version "2.10.0"
  resolved "https://registry.yarnpkg.com/@comunica/mediator-number/-/mediator-number-2.10.0.tgz#5ca01d4e6a5fb9701f26596905e2747a6170f675"
  integrity sha512-0T8D1HGTu5Sd8iKb2dBjc6VRc/U4A15TAN6m561ra9pFlP+w31kby0ZYP6WWBHBobbUsX1LCvnbRQaAC4uWwVw==
  dependencies:
    "@comunica/core" "^2.10.0"

"@comunica/mediator-race@^2.0.1":
  version "2.10.0"
  resolved "https://registry.yarnpkg.com/@comunica/mediator-race/-/mediator-race-2.10.0.tgz#690bb3e8805119d282d297f548c7c813430783db"
  integrity sha512-JiEtOLMkPnbjSLabVpE4VqDbu2ZKKnkUdATGBeWX+o+MjPw6c0hhw01RG4WY2rQhDyNl++nLQe3EowQh8xW9TA==
  dependencies:
    "@comunica/core" "^2.10.0"

"@comunica/mediatortype-time@^2.10.0":
  version "2.10.0"
  resolved "https://registry.yarnpkg.com/@comunica/mediatortype-time/-/mediatortype-time-2.10.0.tgz#5f19b7d51cab61fb9c9b6ed7de34dd7a1b7b1294"
  integrity sha512-nBz1exxrja1Tj8KSlSevG4Hw2u09tTh6gtNfVjI76i/e7muu4RUWVhi9b8PcwBNAfuUqRl+5OgOSa2X4W+6QlA==
  dependencies:
    "@comunica/core" "^2.10.0"

"@comunica/types@^2.10.0":
  version "2.10.0"
  resolved "https://registry.yarnpkg.com/@comunica/types/-/types-2.10.0.tgz#fbb4968734e4297eb116a7fa836ca0362d0cba89"
  integrity sha512-1UjPGbZcYrapBjMGUZedrIGcn9rOLpEOlJo1ZkWddFUGTwndVg9d4BZnQw+UnQzXMcLJcdKt94Zns8iEmBqARw==
  dependencies:
    "@rdfjs/types" "*"
    "@types/yargs" "^17.0.24"
    asynciterator "^3.8.1"
    sparqlalgebrajs "^4.2.0"

"@cspotcode/source-map-support@^0.8.0":
  version "0.8.1"
  resolved "https://registry.yarnpkg.com/@cspotcode/source-map-support/-/source-map-support-0.8.1.tgz#00629c35a688e05a88b1cda684fb9d5e73f000a1"
  integrity sha512-IchNf6dN4tHoMFIn/7OE8LWZ19Y6q/67Bmf6vnGREv8RSbBVb9LPJxEcnwrcwX6ixSvaiGoomAUvu4YSxXrVgw==
  dependencies:
    "@jridgewell/trace-mapping" "0.3.9"

"@jridgewell/resolve-uri@^3.0.3":
  version "3.1.1"
  resolved "https://registry.yarnpkg.com/@jridgewell/resolve-uri/-/resolve-uri-3.1.1.tgz#c08679063f279615a3326583ba3a90d1d82cc721"
  integrity sha512-dSYZh7HhCDtCKm4QakX0xFpsRDqjjtZf/kjI/v3T3Nwt5r8/qz/M19F9ySyOqU94SXBmeG9ttTul+YnR4LOxFA==

"@jridgewell/sourcemap-codec@^1.4.10":
  version "1.4.15"
  resolved "https://registry.yarnpkg.com/@jridgewell/sourcemap-codec/-/sourcemap-codec-1.4.15.tgz#d7c6e6755c78567a951e04ab52ef0fd26de59f32"
  integrity sha512-eF2rxCRulEKXHTRiDrDy6erMYWqNw4LPdQ8UQA4huuxaQsVeRPFl2oM8oDGxMFhJUWZf9McpLtJasDDZb/Bpeg==

"@jridgewell/trace-mapping@0.3.9":
  version "0.3.9"
  resolved "https://registry.yarnpkg.com/@jridgewell/trace-mapping/-/trace-mapping-0.3.9.tgz#6534fd5933a53ba7cbf3a17615e273a0d1273ff9"
  integrity sha512-3Belt6tdc8bPgAtbcmdtNJlirVoTmEb5e2gC94PnkwEW9jI6CAHUeoG85tjWP5WquqfavoMtMwiG4P926ZKKuQ==
  dependencies:
    "@jridgewell/resolve-uri" "^3.0.3"
    "@jridgewell/sourcemap-codec" "^1.4.10"

"@rdfjs/types@*", "@rdfjs/types@^1.1.0":
  version "1.1.0"
  resolved "https://registry.yarnpkg.com/@rdfjs/types/-/types-1.1.0.tgz#098f180b7cccb03bb416c7b4d03baaa9d480e36b"
  integrity sha512-5zm8bN2/CC634dTcn/0AhTRLaQRjXDZs3QfcAsQKNturHT7XVWcKy/8p3P5gXl+YkZTAmy7T5M/LyiT/jbkENw==
  dependencies:
    "@types/node" "*"

"@rubensworks/saxes@^6.0.1":
  version "6.0.1"
  resolved "https://registry.yarnpkg.com/@rubensworks/saxes/-/saxes-6.0.1.tgz#2f394548493a415c522d2bfd4f12fad67c9a6317"
  integrity sha512-UW4OTIsOtJ5KSXo2Tchi4lhZqu+tlHrOAs4nNti7CrtB53kAZl3/hyrTi6HkMihxdbDM6m2Zc3swc/ZewEe1xw==
  dependencies:
    xmlchars "^2.2.0"

"@tsconfig/node10@^1.0.7":
  version "1.0.9"
  resolved "https://registry.yarnpkg.com/@tsconfig/node10/-/node10-1.0.9.tgz#df4907fc07a886922637b15e02d4cebc4c0021b2"
  integrity sha512-jNsYVVxU8v5g43Erja32laIDHXeoNvFEpX33OK4d6hljo3jDhCBDhx5dhCCTMWUojscpAagGiRkBKxpdl9fxqA==

"@tsconfig/node12@^1.0.7":
  version "1.0.11"
  resolved "https://registry.yarnpkg.com/@tsconfig/node12/-/node12-1.0.11.tgz#ee3def1f27d9ed66dac6e46a295cffb0152e058d"
  integrity sha512-cqefuRsh12pWyGsIoBKJA9luFu3mRxCA+ORZvA4ktLSzIuCUtWVxGIuXigEwO5/ywWFMZ2QEGKWvkZG1zDMTag==

"@tsconfig/node14@^1.0.0":
  version "1.0.3"
  resolved "https://registry.yarnpkg.com/@tsconfig/node14/-/node14-1.0.3.tgz#e4386316284f00b98435bf40f72f75a09dabf6c1"
  integrity sha512-ysT8mhdixWK6Hw3i1V2AeRqZ5WfXg1G43mqoYlM2nc6388Fq5jcXyr5mRsqViLx/GJYdoL0bfXD8nmF+Zn/Iow==

"@tsconfig/node16@^1.0.2":
  version "1.0.4"
  resolved "https://registry.yarnpkg.com/@tsconfig/node16/-/node16-1.0.4.tgz#0b92dcc0cc1c81f6f306a381f28e31b1a56536e9"
  integrity sha512-vxhUy4J8lyeyinH7Azl1pdd43GJhZH/tP2weN8TntQblOY+A0XbT8DJk1/oCPuOOyg/Ja757rG0CgHcWC8OfMA==

"@types/http-link-header@^1.0.1":
  version "1.0.5"
  resolved "https://registry.yarnpkg.com/@types/http-link-header/-/http-link-header-1.0.5.tgz#732f04e2eabdfdaf3cc48d44aa15026e1e2d6e91"
  integrity sha512-AxhIKR8UbyoqCTNp9rRepkktHuUOw3DjfOfDCaO9kwI8AYzjhxyrvZq4+mRw/2daD3hYDknrtSeV6SsPwmc71w==
  dependencies:
    "@types/node" "*"

"@types/node@*", "@types/node@^20.10.4":
  version "20.10.4"
  resolved "https://registry.yarnpkg.com/@types/node/-/node-20.10.4.tgz#b246fd84d55d5b1b71bf51f964bd514409347198"
  integrity sha512-D08YG6rr8X90YB56tSIuBaddy/UXAA9RKJoFvrsnogAum/0pmjkgi4+2nx96A330FmioegBWmEYQ+syqCFaveg==
  dependencies:
    undici-types "~5.26.4"

"@types/node@^18.0.0":
  version "18.19.3"
  resolved "https://registry.yarnpkg.com/@types/node/-/node-18.19.3.tgz#e4723c4cb385641d61b983f6fe0b716abd5f8fc0"
  integrity sha512-k5fggr14DwAytoA/t8rPrIz++lXK7/DqckthCmoZOKNsEbJkId4Z//BqgApXBUGrGddrigYa1oqheo/7YmW4rg==
  dependencies:
    undici-types "~5.26.4"

"@types/readable-stream@^2.3.13":
  version "2.3.15"
  resolved "https://registry.yarnpkg.com/@types/readable-stream/-/readable-stream-2.3.15.tgz#3d79c9ceb1b6a57d5f6e6976f489b9b5384321ae"
  integrity sha512-oM5JSKQCcICF1wvGgmecmHldZ48OZamtMxcGGVICOJA8o8cahXC1zEVAif8iwoc5j8etxFaRFnf095+CDsuoFQ==
  dependencies:
    "@types/node" "*"
    safe-buffer "~5.1.1"

"@types/sparqljs@^3.1.3":
  version "3.1.9"
  resolved "https://registry.yarnpkg.com/@types/sparqljs/-/sparqljs-3.1.9.tgz#f6c9a441cd264f53f1c2975b834562a735be1cc4"
  integrity sha512-ApqCSKmXhSm1YocgDgFDRM6W4d9+UkAQHNmUTAk2VHZSLzR41wMf84hWo/4CFFVRuyRGYZxgPJdLuwOj4fNlSA==
  dependencies:
    rdf-js "^4.0.2"

"@types/yargs-parser@*":
  version "21.0.3"
  resolved "https://registry.yarnpkg.com/@types/yargs-parser/-/yargs-parser-21.0.3.tgz#815e30b786d2e8f0dcd85fd5bcf5e1a04d008f15"
  integrity sha512-I4q9QU9MQv4oEOz4tAHJtNz1cwuLxn2F3xcc2iV5WdqLPpUnj30aUuxt1mAxYTG+oe8CZMV/+6rU4S4gRDzqtQ==

"@types/yargs@^17.0.24":
  version "17.0.32"
  resolved "https://registry.yarnpkg.com/@types/yargs/-/yargs-17.0.32.tgz#030774723a2f7faafebf645f4e5a48371dca6229"
  integrity sha512-xQ67Yc/laOG5uMfX/093MRlGGCIBzZMarVa+gfNKJxWAIgykYpVGkBdbqEzGDDfCrVUj6Hiff4mTZ5BA6TmAog==
  dependencies:
    "@types/yargs-parser" "*"

abort-controller@^3.0.0:
  version "3.0.0"
  resolved "https://registry.yarnpkg.com/abort-controller/-/abort-controller-3.0.0.tgz#eaf54d53b62bae4138e809ca225c8439a6efb392"
  integrity sha512-h8lQ8tacZYnR3vNQTgibj+tODHI5/+l06Au2Pcriv/Gmet0eaj4TwWH41sO9wnHDiQsEj19q0drzdWdeAHtweg==
  dependencies:
    event-target-shim "^5.0.0"

acorn-walk@^8.1.1:
  version "8.3.1"
  resolved "https://registry.yarnpkg.com/acorn-walk/-/acorn-walk-8.3.1.tgz#2f10f5b69329d90ae18c58bf1fa8fccd8b959a43"
  integrity sha512-TgUZgYvqZprrl7YldZNoa9OciCAyZR+Ejm9eXzKCmjsF5IKp/wgQ7Z/ZpjpGTIUPwrHQIcYeI8qDh4PsEwxMbw==

acorn@^8.4.1:
  version "8.11.2"
  resolved "https://registry.yarnpkg.com/acorn/-/acorn-8.11.2.tgz#ca0d78b51895be5390a5903c5b3bdcdaf78ae40b"
  integrity sha512-nc0Axzp/0FILLEVsm4fNwLCwMttvhEI263QtVPQcbpfZZ3ts0hLsZGOpE6czNlid7CJ9MlyH8reXkpsf3YUY4w==

arg@^4.1.0:
  version "4.1.3"
  resolved "https://registry.yarnpkg.com/arg/-/arg-4.1.3.tgz#269fc7ad5b8e42cb63c896d5666017261c144089"
  integrity sha512-58S9QDqG0Xx27YwPSt9fJxivjYl432YCwfDMfZ+71RAqUrZef7LrKQZ3LHLOwCS4FLNBplP533Zx895SeOCHvA==

asynciterator@^3.8.0, asynciterator@^3.8.1:
  version "3.8.1"
  resolved "https://registry.yarnpkg.com/asynciterator/-/asynciterator-3.8.1.tgz#80be735b252332494e186ee733544e5b21dd2123"
  integrity sha512-SmdG0FUY3pYGOZZGdYq8Qb/DCRDXBFZUk08V1/4lbBXdAQvcC3Kxzz9FUDPBTik7VAVltt4cZirAPtJv3gOpEw==

base64-js@^1.3.1:
  version "1.5.1"
  resolved "https://registry.yarnpkg.com/base64-js/-/base64-js-1.5.1.tgz#1b1b440160a5bf7ad40b650f095963481903930a"
  integrity sha512-AKpaYlHn8t4SVbOHCy+b5+KKgvR4vrsD8vbvrbiQJps7fKDTkjkDry6ji0rUJjC0kzbNePLwzxq8iypo41qeWA==

buffer@^6.0.3:
  version "6.0.3"
  resolved "https://registry.yarnpkg.com/buffer/-/buffer-6.0.3.tgz#2ace578459cc8fbe2a70aaa8f52ee63b6a74c6c6"
  integrity sha512-FTiCpNxtwiZZHEZbcbTIcZjERVICn9yq/pDFkTl95/AxzD1naBctN7YO68riM/gLSDY7sdrMby8hofADYuuqOA==
  dependencies:
    base64-js "^1.3.1"
    ieee754 "^1.2.1"

canonicalize@^1.0.1:
  version "1.0.8"
  resolved "https://registry.yarnpkg.com/canonicalize/-/canonicalize-1.0.8.tgz#24d1f1a00ed202faafd9bf8e63352cd4450c6df1"
  integrity sha512-0CNTVCLZggSh7bc5VkX5WWPWO+cyZbNd07IHIsSXLia/eAq+r836hgk+8BKoEh7949Mda87VUOitx5OddVj64A==

create-require@^1.1.0:
  version "1.1.1"
  resolved "https://registry.yarnpkg.com/create-require/-/create-require-1.1.1.tgz#c1d7e8f1e5f6cfc9ff65f9cd352d37348756c333"
  integrity sha512-dcKFX3jn0MpIaXjisoRvexIJVEKzaq7z2rZKxf+MSr9TkdmHmsU4m2lcLojrj/FHl8mk5VxMmYA+ftRkP/3oKQ==

cross-fetch@^3.0.6:
  version "3.1.8"
  resolved "https://registry.yarnpkg.com/cross-fetch/-/cross-fetch-3.1.8.tgz#0327eba65fd68a7d119f8fb2bf9334a1a7956f82"
  integrity sha512-cvA+JwZoU0Xq+h6WkMvAUqPEYy92Obet6UdKLfW60qn99ftItKjB5T+BkyWOFWe2pUyfQ+IJHmpOTznqk1M6Kg==
  dependencies:
    node-fetch "^2.6.12"

cross-fetch@^4.0.0:
  version "4.0.0"
  resolved "https://registry.yarnpkg.com/cross-fetch/-/cross-fetch-4.0.0.tgz#f037aef1580bb3a1a35164ea2a848ba81b445983"
  integrity sha512-e4a5N8lVvuLgAWgnCrLr2PP0YyDOTHa9H/Rj54dirp61qXnNq46m82bRhNqIA5VccJtWBvPTFRV3TtvHUKPB1g==
  dependencies:
    node-fetch "^2.6.12"

diff@^4.0.1:
  version "4.0.2"
  resolved "https://registry.yarnpkg.com/diff/-/diff-4.0.2.tgz#60f3aecb89d5fae520c11aa19efc2bb982aade7d"
  integrity sha512-58lmxKSA4BNyLz+HHMUzlOEpg09FV+ev6ZMe3vJihgdxzgcwZ8VoEEPmALCZG9LmqfVoNMMKpttIYTVG6uDY7A==

dom-serializer@^2.0.0:
  version "2.0.0"
  resolved "https://registry.yarnpkg.com/dom-serializer/-/dom-serializer-2.0.0.tgz#e41b802e1eedf9f6cae183ce5e622d789d7d8e53"
  integrity sha512-wIkAryiqt/nV5EQKqQpo3SToSOV9J0DnbJqwK7Wv/Trc92zIAYZ4FlMu+JPFW1DfGFt81ZTCGgDEabffXeLyJg==
  dependencies:
    domelementtype "^2.3.0"
    domhandler "^5.0.2"
    entities "^4.2.0"

domelementtype@^2.3.0:
  version "2.3.0"
  resolved "https://registry.yarnpkg.com/domelementtype/-/domelementtype-2.3.0.tgz#5c45e8e869952626331d7aab326d01daf65d589d"
  integrity sha512-OLETBj6w0OsagBwdXnPdN0cnMfF9opN69co+7ZrbfPGrdpPVNBUj02spi6B1N7wChLQiPn4CSH/zJvXw56gmHw==

domhandler@^5.0.2, domhandler@^5.0.3:
  version "5.0.3"
  resolved "https://registry.yarnpkg.com/domhandler/-/domhandler-5.0.3.tgz#cc385f7f751f1d1fc650c21374804254538c7d31"
  integrity sha512-cgwlv/1iFQiFnU96XXgROh8xTeetsnJiDsTc7TYCLFd9+/WNkIqPTxiM/8pSd8VIrhXGTf1Ny1q1hquVqDJB5w==
  dependencies:
    domelementtype "^2.3.0"

domutils@^3.0.1, domutils@^3.1.0:
  version "3.1.0"
  resolved "https://registry.yarnpkg.com/domutils/-/domutils-3.1.0.tgz#c47f551278d3dc4b0b1ab8cbb42d751a6f0d824e"
  integrity sha512-H78uMmQtI2AhgDJjWeQmHwJJ2bLPD3GMmO7Zja/ZZh84wkm+4ut+IUnUdRa8uCGX88DiVx1j6FRe1XfxEgjEZA==
  dependencies:
    dom-serializer "^2.0.0"
    domelementtype "^2.3.0"
    domhandler "^5.0.3"

entities@^4.2.0, entities@^4.4.0, entities@^4.5.0:
  version "4.5.0"
  resolved "https://registry.yarnpkg.com/entities/-/entities-4.5.0.tgz#5d268ea5e7113ec74c4d033b79ea5a35a488fb48"
  integrity sha512-V0hjH4dGPh9Ao5p0MoRY6BVqtwCjhz6vI5LT8AJ55H+4g9/4vbHx1I54fS0XuclLhDHArPQCiMjDxjaL8fPxhw==

event-target-shim@^5.0.0:
  version "5.0.1"
  resolved "https://registry.yarnpkg.com/event-target-shim/-/event-target-shim-5.0.1.tgz#5d4d3ebdf9583d63a5333ce2deb7480ab2b05789"
  integrity sha512-i/2XbnSz/uxRCU6+NdVJgKWDTM427+MqYbkQzD321DuCQJUqOuJKIA0IM2+W2xtYHdKOmZ4dR6fExsd4SXL+WQ==

events@^3.3.0:
  version "3.3.0"
  resolved "https://registry.yarnpkg.com/events/-/events-3.3.0.tgz#31a95ad0a924e2d2c419a813aeb2c4e878ea7400"
  integrity sha512-mQw+2fkQbALzQ7V0MY0IqdnXNOeTtP4r0lN9z7AAawCXgqea7bDii20AYrIBrFd/Hx0M2Ocz6S111CaFkUcb0Q==

fast-deep-equal@^3.1.3:
  version "3.1.3"
  resolved "https://registry.yarnpkg.com/fast-deep-equal/-/fast-deep-equal-3.1.3.tgz#3a7d56b559d6cbc3eb512325244e619a65c6c525"
  integrity sha512-f3qQ9oQy9j2AhBe/H9VC91wLmKBCCU/gDOnKNAYG5hswO7BLKj09Hc5HYNz9cGI++xlpDCIgDaitVs03ATR84Q==

hash.js@^1.1.7:
  version "1.1.7"
  resolved "https://registry.yarnpkg.com/hash.js/-/hash.js-1.1.7.tgz#0babca538e8d4ee4a0f8988d68866537a003cf42"
  integrity sha512-taOaskGt4z4SOANNseOviYDvjEJinIkRgmp7LbKP2YTTmVxWBl87s/uzK9r+44BclBSp2X7K1hqeNfz9JbBeXA==
  dependencies:
    inherits "^2.0.3"
    minimalistic-assert "^1.0.1"

htmlparser2@^8.0.0:
  version "8.0.2"
  resolved "https://registry.yarnpkg.com/htmlparser2/-/htmlparser2-8.0.2.tgz#f002151705b383e62433b5cf466f5b716edaec21"
  integrity sha512-GYdjWKDkbRLkZ5geuHs5NY1puJ+PXwP7+fHPRz06Eirsb9ugf6d8kkXav6ADhcODhFFPMIXyxkxSuMf3D6NCFA==
  dependencies:
    domelementtype "^2.3.0"
    domhandler "^5.0.3"
    domutils "^3.0.1"
    entities "^4.4.0"

htmlparser2@^9.0.0:
  version "9.0.0"
  resolved "https://registry.yarnpkg.com/htmlparser2/-/htmlparser2-9.0.0.tgz#e431142b7eeb1d91672742dea48af8ac7140cddb"
  integrity sha512-uxbSI98wmFT/G4P2zXx4OVx04qWUmyFPrD2/CNepa2Zo3GPNaCaaxElDgwUrwYWkK1nr9fft0Ya8dws8coDLLQ==
  dependencies:
    domelementtype "^2.3.0"
    domhandler "^5.0.3"
    domutils "^3.1.0"
    entities "^4.5.0"

http-link-header@^1.0.2:
  version "1.1.1"
  resolved "https://registry.yarnpkg.com/http-link-header/-/http-link-header-1.1.1.tgz#f0e6971b0ed86e858d2077066ecb7ba4f2e50de9"
  integrity sha512-mW3N/rTYpCn99s1do0zx6nzFZSwLH9HGfUM4ZqLWJ16ylmYaC2v5eYGqrNTQlByx8AzUgGI+V/32gXPugs1+Sw==

ieee754@^1.2.1:
  version "1.2.1"
  resolved "https://registry.yarnpkg.com/ieee754/-/ieee754-1.2.1.tgz#8eb7a10a63fff25d15a57b001586d177d1b0d352"
  integrity sha512-dcyqhDvX1C46lXZcVqCpK+FtMRQVdIMN6/Df5js2zouUsqG7I6sFxitIC+7KYK29KdXOLHdu9zL4sFnoVQnqaA==

immutable@^4.1.0:
  version "4.3.4"
  resolved "https://registry.yarnpkg.com/immutable/-/immutable-4.3.4.tgz#2e07b33837b4bb7662f288c244d1ced1ef65a78f"
  integrity sha512-fsXeu4J4i6WNWSikpI88v/PcVflZz+6kMhUfIwc5SY+poQRPnaf5V7qds6SUyUN3cVxEzuCab7QIoLOQ+DQ1wA==

inherits@^2.0.3:
  version "2.0.4"
  resolved "https://registry.yarnpkg.com/inherits/-/inherits-2.0.4.tgz#0fa2c64f932917c3433a0ded55363aae37416b7c"
  integrity sha512-k/vGaX4/Yla3WzyMCvTQOXYeIHvqOKtnqBduzTHpzpQZzAskKMhZ2K+EnBiSM9zGSoIFeMpXKxa4dYeZIQqewQ==

is-stream@^2.0.1:
  version "2.0.1"
  resolved "https://registry.yarnpkg.com/is-stream/-/is-stream-2.0.1.tgz#fac1e3d53b97ad5a9d0ae9cef2389f5810a5c077"
  integrity sha512-hFoiJiTl63nn+kstHGBtewWSKnQLpyb155KHheA1l39uvtO9nWIop1p3udqPcUd/xbF1VLMO4n7OI6p7RbngDg==

jsonld-context-parser@^2.2.2, jsonld-context-parser@^2.4.0:
  version "2.4.0"
  resolved "https://registry.yarnpkg.com/jsonld-context-parser/-/jsonld-context-parser-2.4.0.tgz#fae15a56c5ceabd1c4520ab1a9cc12c9a0a8b67d"
  integrity sha512-ZYOfvh525SdPd9ReYY58dxB3E2RUEU4DJ6ZibO8AitcowPeBH4L5rCAitE2om5G1P+HMEgYEYEr4EZKbVN4tpA==
  dependencies:
    "@types/http-link-header" "^1.0.1"
    "@types/node" "^18.0.0"
    cross-fetch "^3.0.6"
    http-link-header "^1.0.2"
    relative-to-absolute-iri "^1.0.5"

jsonld-streaming-parser@^3.0.1:
  version "3.3.0"
  resolved "https://registry.yarnpkg.com/jsonld-streaming-parser/-/jsonld-streaming-parser-3.3.0.tgz#28fd00a1fba93fdae0f588a30fd4cb307d645d37"
  integrity sha512-6aWiAsWGZioTB/vNQ3KenREz9ddEOliZoEETi+jLrlL7+vkgMeHjnxyFlGe4UOCU7SVUNPhz/lgLGZjnxgVYtA==
  dependencies:
    "@bergos/jsonparse" "^1.4.0"
    "@rdfjs/types" "*"
    "@types/http-link-header" "^1.0.1"
    "@types/readable-stream" "^2.3.13"
    buffer "^6.0.3"
    canonicalize "^1.0.1"
    http-link-header "^1.0.2"
    jsonld-context-parser "^2.4.0"
    rdf-data-factory "^1.1.0"
    readable-stream "^4.0.0"

make-error@^1.1.1:
  version "1.3.6"
  resolved "https://registry.yarnpkg.com/make-error/-/make-error-1.3.6.tgz#2eb2e37ea9b67c4891f684a1394799af484cf7a2"
  integrity sha512-s8UhlNe7vPKomQhC1qFelMokr/Sc3AgNbso3n74mVPA5LTZwkB9NlXf4XPamLxJE8h0gh73rM94xvwRT2CVInw==

microdata-rdf-streaming-parser@^2.0.1:
  version "2.0.1"
  resolved "https://registry.yarnpkg.com/microdata-rdf-streaming-parser/-/microdata-rdf-streaming-parser-2.0.1.tgz#97d9709fe1590e3d6ad7837f6fc238dffa5dd45f"
  integrity sha512-oEEYP3OwPGOtoE4eIyJvX1eJXI7VkGR4gKYqpEufaRXc2ele/Tkid/KMU3Los13wGrOq6woSxLEGOYSHzpRvwA==
  dependencies:
    "@rdfjs/types" "*"
    htmlparser2 "^8.0.0"
    rdf-data-factory "^1.1.0"
    readable-stream "^4.1.0"
    relative-to-absolute-iri "^1.0.2"

minimalistic-assert@^1.0.1:
  version "1.0.1"
  resolved "https://registry.yarnpkg.com/minimalistic-assert/-/minimalistic-assert-1.0.1.tgz#2e194de044626d4a10e7f7fbc00ce73e83e4d5c7"
  integrity sha512-UtJcAD4yEaGtjPezWuO9wC4nwUnVH/8/Im3yEHQP4b67cXlD/Qr9hdITCU1xDbSEXg2XKNaP8jsReV7vQd00/A==

minimist@^1.2.6:
  version "1.2.8"
  resolved "https://registry.yarnpkg.com/minimist/-/minimist-1.2.8.tgz#c1a464e7693302e082a075cee0c057741ac4772c"
  integrity sha512-2yyAR8qBkN3YuheJanUpWC5U3bb5osDywNB8RzDVlDwDHbocAJveqqj1u8+SVD7jkWT4yvsHCpWqqWqAxb0zCA==

n3@^1.16.3, n3@^1.17.0:
  version "1.17.2"
  resolved "https://registry.yarnpkg.com/n3/-/n3-1.17.2.tgz#3370b2d07da98a5b2865fa43c2d4e5c563cc65df"
  integrity sha512-BxSM52wYFqXrbQQT5WUEzKUn6qpYV+2L4XZLfn3Gblz2kwZ09S+QxC33WNdVEQy2djenFL8SNkrjejEKlvI6+Q==
  dependencies:
    queue-microtask "^1.1.2"
    readable-stream "^4.0.0"

node-fetch@^2.6.12:
  version "2.7.0"
  resolved "https://registry.yarnpkg.com/node-fetch/-/node-fetch-2.7.0.tgz#d0f0fa6e3e2dc1d27efcd8ad99d550bda94d187d"
  integrity sha512-c4FRfUm/dbcWZ7U+1Wq0AwCyFL+3nt2bEw05wfxSz+DWpWsitgmSgYmy2dQdWyKC1694ELPqMs/YzUSNozLt8A==
  dependencies:
    whatwg-url "^5.0.0"

process@^0.11.10:
  version "0.11.10"
  resolved "https://registry.yarnpkg.com/process/-/process-0.11.10.tgz#7332300e840161bda3e69a1d1d91a7d4bc16f182"
  integrity sha512-cdGef/drWFoydD1JsMzuFf8100nZl+GT+yacc2bEced5f9Rjk4z+WtFUTBu9PhOi9j/jfmBPu0mMEY4wIdAF8A==

promise-polyfill@^1.1.6:
  version "1.1.6"
  resolved "https://registry.yarnpkg.com/promise-polyfill/-/promise-polyfill-1.1.6.tgz#cd04eff46f5c95c3a7d045591d79b5e3e01f12d7"
  integrity sha512-7rrONfyLkDEc7OJ5QBkqa4KI4EBhCd340xRuIUPGCfu13znS+vx+VDdrT9ODAJHlXm7w4lbxN3DRjyv58EuzDg==

queue-microtask@^1.1.2:
  version "1.2.3"
  resolved "https://registry.yarnpkg.com/queue-microtask/-/queue-microtask-1.2.3.tgz#4929228bbc724dfac43e0efb058caf7b6cfb6243"
  integrity sha512-NuaNSa6flKT5JaSYQzJok04JzTL1CA6aGhv5rfLW3PgqA+M2ChpZQnAC8h8i4ZFkBS8X5RqkDBHA7r4hej3K9A==

rdf-data-factory@^1.1.0, rdf-data-factory@^1.1.1, rdf-data-factory@^1.1.2:
  version "1.1.2"
  resolved "https://registry.yarnpkg.com/rdf-data-factory/-/rdf-data-factory-1.1.2.tgz#d47550d2649d0d64f8cae3fcc9efae7a8a895d9a"
  integrity sha512-TfQD63Lokabd09ES1jAtKK8AA6rkr9rwyUBGo6olOt1CE0Um36CUQIqytyf0am2ouBPR0l7SaHxCiMcPGHkt1A==
  dependencies:
    "@rdfjs/types" "*"

rdf-dereference@^2.2.0:
  version "2.2.0"
  resolved "https://registry.yarnpkg.com/rdf-dereference/-/rdf-dereference-2.2.0.tgz#948971eb32e6b6b0e519c1286913612ae1022c43"
  integrity sha512-6geM3CSUlXTK3n4OoKsL95M7XwKXoxiwK7cf4e/+Dj0X/ll77ihFN5j9VhLGXNYbMXDlm30kBg/VU6ymMv6o/Q==
  dependencies:
    "@comunica/actor-dereference-fallback" "^2.0.2"
    "@comunica/actor-dereference-file" "^2.0.2"
    "@comunica/actor-dereference-http" "^2.0.2"
    "@comunica/actor-dereference-rdf-parse" "^2.6.0"
    "@comunica/actor-http-fetch" "^2.0.1"
    "@comunica/actor-http-proxy" "^2.0.1"
    "@comunica/actor-rdf-parse-html" "^2.0.1"
    "@comunica/actor-rdf-parse-html-microdata" "^2.0.1"
    "@comunica/actor-rdf-parse-html-rdfa" "^2.0.1"
    "@comunica/actor-rdf-parse-html-script" "^2.0.1"
    "@comunica/actor-rdf-parse-jsonld" "^2.0.1"
    "@comunica/actor-rdf-parse-n3" "^2.0.1"
    "@comunica/actor-rdf-parse-rdfxml" "^2.0.1"
    "@comunica/actor-rdf-parse-shaclc" "^2.6.0"
    "@comunica/actor-rdf-parse-xml-rdfa" "^2.0.1"
    "@comunica/bus-dereference" "^2.0.2"
    "@comunica/bus-dereference-rdf" "^2.0.2"
    "@comunica/bus-http" "^2.0.1"
    "@comunica/bus-init" "^2.0.1"
    "@comunica/bus-rdf-parse" "^2.0.1"
    "@comunica/bus-rdf-parse-html" "^2.0.1"
    "@comunica/config-query-sparql" "^2.0.1"
    "@comunica/context-entries" "^2.8.1"
    "@comunica/core" "^2.0.1"
    "@comunica/mediator-combine-pipeline" "^2.0.1"
    "@comunica/mediator-combine-union" "^2.0.1"
    "@comunica/mediator-number" "^2.0.1"
    "@comunica/mediator-race" "^2.0.1"
    "@rdfjs/types" "*"
    process "^0.11.10"
    rdf-string "^1.6.0"
    stream-to-string "^1.2.0"

rdf-isomorphic@^1.3.0:
  version "1.3.1"
  resolved "https://registry.yarnpkg.com/rdf-isomorphic/-/rdf-isomorphic-1.3.1.tgz#cd6d433cd85bf79d903d5f0fdeea42a40eb27265"
  integrity sha512-6uIhsXTVp2AtO6f41PdnRV5xZsa0zVZQDTBdn0br+DZuFf5M/YD+T6m8hKDUnALI6nFL/IujTMLgEs20MlNidQ==
  dependencies:
    "@rdfjs/types" "*"
    hash.js "^1.1.7"
    rdf-string "^1.6.0"
    rdf-terms "^1.7.0"

rdf-js@^4.0.2:
  version "4.0.2"
  resolved "https://registry.yarnpkg.com/rdf-js/-/rdf-js-4.0.2.tgz#f01510528bbfc6e004012b71a8a533896c4c4c10"
  integrity sha512-ApvlFa/WsQh8LpPK/6hctQwG06Z9ztQQGWVtrcrf9L6+sejHNXLPOqL+w7q3hF+iL0C4sv3AX1PUtGkLNzyZ0Q==
  dependencies:
    "@rdfjs/types" "*"

rdf-store-stream@^2.0.0:
  version "2.0.0"
  resolved "https://registry.yarnpkg.com/rdf-store-stream/-/rdf-store-stream-2.0.0.tgz#941932d4f20859a93e495586d2bd501aa0408f2f"
  integrity sha512-FKRsA5XUdhFVMx+jg4JCBM76B4ZcXVKyilr8GJrlfkHB2IZSIgLxY2XHIsewkDfm/yAtXHvPT0PaeQg4Mbqa6g==
  dependencies:
    "@rdfjs/types" "*"
    rdf-stores "^1.0.0"

rdf-stores@^1.0.0:
  version "1.0.0"
  resolved "https://registry.yarnpkg.com/rdf-stores/-/rdf-stores-1.0.0.tgz#1689bd669853bda857620d0db32f3b59940db208"
  integrity sha512-wqp7M5409rbhpWQE0C1vyVysbz++aD2vEkZ6yueSxhDtyLvznS41R3cKiuUpm3ikc/yTpaCZwPo4iyKEaAwBIg==
  dependencies:
    "@rdfjs/types" "*"
    asynciterator "^3.8.0"
    rdf-data-factory "^1.1.1"
    rdf-string "^1.6.2"
    rdf-terms "^1.9.1"

rdf-string@^1.6.0, rdf-string@^1.6.2:
  version "1.6.3"
  resolved "https://registry.yarnpkg.com/rdf-string/-/rdf-string-1.6.3.tgz#5c3173fad13e6328698277fb8ff151e3423282ab"
  integrity sha512-HIVwQ2gOqf+ObsCLSUAGFZMIl3rh9uGcRf1KbM85UDhKqP+hy6qj7Vz8FKt3GA54RiThqK3mNcr66dm1LP0+6g==
  dependencies:
    "@rdfjs/types" "*"
    rdf-data-factory "^1.1.0"

rdf-terms@^1.10.0, rdf-terms@^1.7.0, rdf-terms@^1.9.1:
  version "1.11.0"
  resolved "https://registry.yarnpkg.com/rdf-terms/-/rdf-terms-1.11.0.tgz#0c2e3a2b43f1042959c9263af27dab08dc4b084d"
  integrity sha512-iKlVgnMopRKl9pHVNrQrax7PtZKRCT/uJIgYqvuw1VVQb88zDvurtDr1xp0rt7N9JtKtFwUXoIQoEsjyRo20qQ==
  dependencies:
    "@rdfjs/types" "*"
    rdf-data-factory "^1.1.0"
    rdf-string "^1.6.0"

rdfa-streaming-parser@^2.0.1:
  version "2.0.1"
  resolved "https://registry.yarnpkg.com/rdfa-streaming-parser/-/rdfa-streaming-parser-2.0.1.tgz#0beab6be1b16d65314d8cbf2e07eae6829b4f283"
  integrity sha512-7Yyaj030LO7iQ38Wh/RNLVeYrVFJeyx3dpCK7C1nvX55eIN/gE4HWfbg4BYI9X7Bd+eUIUMVeiKYLmYjV6apow==
  dependencies:
    "@rdfjs/types" "*"
    htmlparser2 "^8.0.0"
    rdf-data-factory "^1.1.0"
    readable-stream "^4.0.0"
    relative-to-absolute-iri "^1.0.2"

rdfxml-streaming-parser@^2.2.3:
  version "2.4.0"
  resolved "https://registry.yarnpkg.com/rdfxml-streaming-parser/-/rdfxml-streaming-parser-2.4.0.tgz#6552d5c5b448739d52a97e18126dfcdf0d84c877"
  integrity sha512-f+tdI1wxOiPzMbFWRtOwinwPsqac0WIN80668yFKcVdFCSTGOWTM70ucQGUSdDZZo7pce/UvZgV0C3LDj0P7tg==
  dependencies:
    "@rdfjs/types" "*"
    "@rubensworks/saxes" "^6.0.1"
    "@types/readable-stream" "^2.3.13"
    buffer "^6.0.3"
    rdf-data-factory "^1.1.0"
    readable-stream "^4.4.2"
    relative-to-absolute-iri "^1.0.0"
    validate-iri "^1.0.0"

readable-stream-node-to-web@^1.0.1:
  version "1.0.1"
  resolved "https://registry.yarnpkg.com/readable-stream-node-to-web/-/readable-stream-node-to-web-1.0.1.tgz#8b7614faa1465ebfa0da9b9ca6303fa27073b7cf"
  integrity sha512-OGzi2VKLa8H259kAx7BIwuRrXHGcxeHj4RdASSgEGBP9Q2wowdPvBc65upF4Q9O05qWgKqBw1+9PiLTtObl7uQ==

readable-stream@^3.6.0:
  version "3.6.2"
  resolved "https://registry.yarnpkg.com/readable-stream/-/readable-stream-3.6.2.tgz#56a9b36ea965c00c5a93ef31eb111a0f11056967"
  integrity sha512-9u/sniCrY3D5WdsERHzHE4G2YCXqoG5FTHUiCC4SIbr6XcLZBY05ya9EKjYek9O5xOAwjGq+1JdGBAS7Q9ScoA==
  dependencies:
    inherits "^2.0.3"
    string_decoder "^1.1.1"
    util-deprecate "^1.0.1"

readable-stream@^4.0.0, readable-stream@^4.1.0, readable-stream@^4.4.2:
  version "4.4.2"
  resolved "https://registry.yarnpkg.com/readable-stream/-/readable-stream-4.4.2.tgz#e6aced27ad3b9d726d8308515b9a1b98dc1b9d13"
  integrity sha512-Lk/fICSyIhodxy1IDK2HazkeGjSmezAWX2egdtJnYhtzKEsBPJowlI6F6LPb5tqIQILrMbx22S5o3GuJavPusA==
  dependencies:
    abort-controller "^3.0.0"
    buffer "^6.0.3"
    events "^3.3.0"
    process "^0.11.10"
    string_decoder "^1.3.0"

readable-web-to-node-stream@^3.0.2:
  version "3.0.2"
  resolved "https://registry.yarnpkg.com/readable-web-to-node-stream/-/readable-web-to-node-stream-3.0.2.tgz#5d52bb5df7b54861fd48d015e93a2cb87b3ee0bb"
  integrity sha512-ePeK6cc1EcKLEhJFt/AebMCLL+GgSKhuygrZ/GLaKZYEecIgIECf4UaUuaByiGtzckwR4ain9VzUh95T1exYGw==
  dependencies:
    readable-stream "^3.6.0"

relative-to-absolute-iri@^1.0.0, relative-to-absolute-iri@^1.0.2, relative-to-absolute-iri@^1.0.5, relative-to-absolute-iri@^1.0.7:
  version "1.0.7"
  resolved "https://registry.yarnpkg.com/relative-to-absolute-iri/-/relative-to-absolute-iri-1.0.7.tgz#f2fd6ee60c78d9ffc4926bd20bdf84479b91d765"
  integrity sha512-Xjyl4HmIzg2jzK/Un2gELqbcE8Fxy85A/aLSHE6PE/3+OGsFwmKVA1vRyGaz6vLWSqLDMHA+5rjD/xbibSQN1Q==

safe-buffer@~5.1.1:
  version "5.1.2"
  resolved "https://registry.yarnpkg.com/safe-buffer/-/safe-buffer-5.1.2.tgz#991ec69d296e0313747d59bdfd2b745c35f8828d"
  integrity sha512-Gd2UZBJDkXlY7GbJxfsE8/nvKkUEU1G38c1siN6QP6a9PT9MmHB8GnpscSmMJSoF8LOIrt8ud/wPtojys4G6+g==

safe-buffer@~5.2.0:
  version "5.2.1"
  resolved "https://registry.yarnpkg.com/safe-buffer/-/safe-buffer-5.2.1.tgz#1eaf9fa9bdb1fdd4ec75f58f9cdb4e6b7827eec6"
  integrity sha512-rp3So07KcdmmKbGvgaNxQSJr7bGVSVk5S9Eq1F+ppbRo70+YeaDxkw5Dd8NPN+GD6bjnYm2VuPuCXmpuYvmCXQ==

shaclc-parse@^1.4.0:
  version "1.4.0"
  resolved "https://registry.yarnpkg.com/shaclc-parse/-/shaclc-parse-1.4.0.tgz#1a82643daf0f7309ca8722d9bee4ee40f2726925"
  integrity sha512-zyxjIYQH2ghg/wtMvOp+4Nr6aK8j9bqFiVT3w47K8WHPYN+S3Zgnh2ybT+dGgMwo9KjiOoywxhjC7d8Z6GCmfA==
  dependencies:
    "@rdfjs/types" "^1.1.0"
    n3 "^1.16.3"

sparqlalgebrajs@^4.2.0:
  version "4.3.2"
  resolved "https://registry.yarnpkg.com/sparqlalgebrajs/-/sparqlalgebrajs-4.3.2.tgz#da9f68a4381f2fbd5e30fbf2a1883370ce530404"
  integrity sha512-5OZCKVlBz/45+on5jWND6OHtzB9EiuY1e/M93WnYzmO07GG3thUyDz5G6DBXZtg2e14n+FhMK/KiLUXKHtM5qw==
  dependencies:
    "@rdfjs/types" "*"
    "@types/sparqljs" "^3.1.3"
    fast-deep-equal "^3.1.3"
    minimist "^1.2.6"
    rdf-data-factory "^1.1.0"
    rdf-isomorphic "^1.3.0"
    rdf-string "^1.6.0"
    rdf-terms "^1.10.0"
    sparqljs "^3.7.1"

sparqljs@^3.7.1:
  version "3.7.1"
  resolved "https://registry.yarnpkg.com/sparqljs/-/sparqljs-3.7.1.tgz#5d121895d491d50214f2e38f2885a3a935b6c093"
  integrity sha512-I1jYMtcwDkgCEqQ4eQuQIhB8hFAlRAJ6YDXDcV54XztaJaYRFqJlidHt77S3j8Mfh6kY6GK04dXPEIopxbEeuQ==
  dependencies:
    rdf-data-factory "^1.1.2"

stream-to-string@^1.2.0:
  version "1.2.1"
  resolved "https://registry.yarnpkg.com/stream-to-string/-/stream-to-string-1.2.1.tgz#15cb325d88b33cc62accb032c7093f85eb785db2"
  integrity sha512-WsvTDNF8UYs369Yko3pcdTducQtYpzEZeOV7cTuReyFvOoA9S/DLJ6sYK+xPafSPHhUMpaxiljKYnT6JSFztIA==
  dependencies:
    promise-polyfill "^1.1.6"

string_decoder@^1.1.1, string_decoder@^1.3.0:
  version "1.3.0"
  resolved "https://registry.yarnpkg.com/string_decoder/-/string_decoder-1.3.0.tgz#42f114594a46cf1a8e30b0a84f56c78c3edac21e"
  integrity sha512-hkRX8U1WjJFd8LsDJ2yQ/wWWxaopEsABU1XfkM8A+j0+85JAGppt16cr1Whg6KIbb4okU6Mql6BOj+uup/wKeA==
  dependencies:
    safe-buffer "~5.2.0"

tr46@~0.0.3:
  version "0.0.3"
  resolved "https://registry.yarnpkg.com/tr46/-/tr46-0.0.3.tgz#8184fd347dac9cdc185992f3a6622e14b9d9ab6a"
  integrity sha512-N3WMsuqV66lT30CrXNbEjx4GEwlow3v6rr4mCcv6prnfwhS01rkgyFdjPNBYd9br7LpXV1+Emh01fHnq2Gdgrw==

ts-node@^10.9.2:
  version "10.9.2"
  resolved "https://registry.yarnpkg.com/ts-node/-/ts-node-10.9.2.tgz#70f021c9e185bccdca820e26dc413805c101c71f"
  integrity sha512-f0FFpIdcHgn8zcPSbf1dRevwt047YMnaiJM3u2w2RewrB+fob/zePZcrOyQoLMMO7aBIddLcQIEK5dYjkLnGrQ==
  dependencies:
    "@cspotcode/source-map-support" "^0.8.0"
    "@tsconfig/node10" "^1.0.7"
    "@tsconfig/node12" "^1.0.7"
    "@tsconfig/node14" "^1.0.0"
    "@tsconfig/node16" "^1.0.2"
    acorn "^8.4.1"
    acorn-walk "^8.1.1"
    arg "^4.1.0"
    create-require "^1.1.0"
    diff "^4.0.1"
    make-error "^1.1.1"
    v8-compile-cache-lib "^3.0.1"
    yn "3.1.1"

typescript@^5.3.3:
  version "5.3.3"
  resolved "https://registry.yarnpkg.com/typescript/-/typescript-5.3.3.tgz#b3ce6ba258e72e6305ba66f5c9b452aaee3ffe37"
  integrity sha512-pXWcraxM0uxAS+tN0AG/BF2TyqmHO014Z070UsJ+pFvYuRSq8KH8DmWpnbXe0pEPDHXZV3FcAbJkijJ5oNEnWw==

undici-types@~5.26.4:
  version "5.26.5"
  resolved "https://registry.yarnpkg.com/undici-types/-/undici-types-5.26.5.tgz#bcd539893d00b56e964fd2657a4866b221a65617"
  integrity sha512-JlCMO+ehdEIKqlFxk6IfVoAUVmgz7cU7zD/h9XZ0qzeosSHmUJVOzSQvvYSYWXkFXC+IfLKSIffhv0sVZup6pA==

util-deprecate@^1.0.1:
  version "1.0.2"
  resolved "https://registry.yarnpkg.com/util-deprecate/-/util-deprecate-1.0.2.tgz#450d4dc9fa70de732762fbd2d4a28981419a0ccf"
  integrity sha512-EPD5q1uXyFxJpCrLnCc1nHnq3gOa6DZBocAIiI2TaSCA7VCJ1UJDMagCzIkXNsUYfD1daK//LTEQ8xiIbrHtcw==

v8-compile-cache-lib@^3.0.1:
  version "3.0.1"
  resolved "https://registry.yarnpkg.com/v8-compile-cache-lib/-/v8-compile-cache-lib-3.0.1.tgz#6336e8d71965cb3d35a1bbb7868445a7c05264bf"
  integrity sha512-wa7YjyUGfNZngI/vtK0UHAN+lgDCxBPCylVXGp0zu59Fz5aiGtNXaq3DhIov063MorB+VfufLh3JlF2KdTK3xg==

validate-iri@^1.0.0:
  version "1.0.1"
  resolved "https://registry.yarnpkg.com/validate-iri/-/validate-iri-1.0.1.tgz#4f7289a479e2ed96d3b8b613e12674c725fbb29b"
  integrity sha512-gLXi7351CoyVVQw8XE5sgpYawRKatxE7kj/xmCxXOZS1kMdtcqC0ILIqLuVEVnAUQSL/evOGG3eQ+8VgbdnstA==

web-streams-ponyfill@^1.4.2:
  version "1.4.2"
  resolved "https://registry.yarnpkg.com/web-streams-ponyfill/-/web-streams-ponyfill-1.4.2.tgz#0ae863cc5f7493903679f16b08cbf14d432b62f4"
  integrity sha512-LCHW+fE2UBJ2vjhqJujqmoxh1ytEDEr0dPO3CabMdMDJPKmsaxzS90V1Ar6LtNE5VHLqxR4YMEj1i4lzMAccIA==

webidl-conversions@^3.0.0:
  version "3.0.1"
  resolved "https://registry.yarnpkg.com/webidl-conversions/-/webidl-conversions-3.0.1.tgz#24534275e2a7bc6be7bc86611cc16ae0a5654871"
  integrity sha512-2JAn3z8AR6rjK8Sm8orRC0h/bcl/DqL7tRPdGZ4I1CjdF+EaMLmYxBHyXuKL849eucPFhvBoxMsflfOb8kxaeQ==

whatwg-url@^5.0.0:
  version "5.0.0"
  resolved "https://registry.yarnpkg.com/whatwg-url/-/whatwg-url-5.0.0.tgz#966454e8765462e37644d3626f6742ce8b70965d"
  integrity sha512-saE57nupxk6v3HY35+jzBwYa0rKSy0XR8JSxZPwgLr7ys0IBzhGviA1/TUGJLmSVqs8pb9AnvICXEuOHLprYTw==
  dependencies:
    tr46 "~0.0.3"
    webidl-conversions "^3.0.0"

xmlchars@^2.2.0:
  version "2.2.0"
  resolved "https://registry.yarnpkg.com/xmlchars/-/xmlchars-2.2.0.tgz#060fe1bcb7f9c76fe2a17db86a9bc3ab894210cb"
  integrity sha512-JZnDKK8B0RCDw84FNdDAIpZK+JuJw+s7Lz8nksI7SIuU3UXJJslUthsi+uWBUYOwPFwW7W7PRLRfUKpxjtjFCw==

yn@3.1.1:
  version "3.1.1"
  resolved "https://registry.yarnpkg.com/yn/-/yn-3.1.1.tgz#1e87401a09d767c1d5eab26a6e4c185182d2eb50"
  integrity sha512-Ux4ygGWsu2c7isFWe8Yu1YluJmqVhxqK2cLXNQA5AcC3QfbGNpM7fu0Y8b/z16pXLnFxZYvWhd3fhBY9DLmC6Q==
